
Microsoft Visual Studio Solution File, Format Version 12.00
# Visual Studio 15
VisualStudioVersion = 15.0.27130.0
MinimumVisualStudioVersion = 10.0.40219.1
Project("{FAE04EC0-301F-11D3-BF4B-00C04F79EFBC}") = "DinnerParty", "DinnerParty\DinnerParty.csproj", "{C6F67C36-0937-4A2A-AD3F-951AE0C1BE2A}"
EndProject
Global
	GlobalSection(SolutionConfigurationPlatforms) = preSolution
		Debug|Any CPU = Debug|Any CPU
		Release|Any CPU = Release|Any CPU
	EndGlobalSection
	GlobalSection(ProjectConfigurationPlatforms) = postSolution
		{C6F67C36-0937-4A2A-AD3F-951AE0C1BE2A}.Debug|Any CPU.ActiveCfg = Debug|Any CPU
		{C6F67C36-0937-4A2A-AD3F-951AE0C1BE2A}.Debug|Any CPU.Build.0 = Debug|Any CPU
		{C6F67C36-0937-4A2A-AD3F-951AE0C1BE2A}.Release|Any CPU.ActiveCfg = Release|Any CPU
		{C6F67C36-0937-4A2A-AD3F-951AE0C1BE2A}.Release|Any CPU.Build.0 = Release|Any CPU
	EndGlobalSection
	GlobalSection(SolutionProperties) = preSolution
		HideSolutionNode = FALSE
	EndGlobalSection
	GlobalSection(ExtensibilityGlobals) = postSolution
		SolutionGuid = {AE6EC303-50D3-4327-92CE-5F69C51691EE}
	EndGlobalSection
EndGlobal
